schema: '2.0'
stages:
  create_dataset:
    cmd: python -m src.create_dataset
    deps:
    - path: data/samsum-train.json
      md5: 814c01b3fd2420811ba324c7ce155583
      size: 10484215
    - path: data/squad2-train.json
      md5: 62108c273c268d70893182d5cf8df740
      size: 42123633
    - path: src/create_dataset.py
      md5: 06bd2e7fd2e1a4446613a676a59f3662
      size: 2128
    outs:
    - path: data/train.json
      md5: 16208c78766247c0ccd66c33ebbc1a98
      size: 10110854
  train:
    cmd: python -m src.train
    deps:
    - path: data/train.json
      md5: 1cbe24e3bf4dcd3bbef10df9af2bac6e
      size: 10410747
    - path: src/train.py
      md5: 40904328a6f09208081888094c879e68
      size: 1796
    outs:
    - path: models/gptj/
      md5: 879d5d867c69cf92f590501525d0da72.dir
      size: 6177232130
      nfiles: 2
  test:
    cmd: python -m src.test
    deps:
    - path: data/samsum-val.json
      md5: 997367780930689e7473b5569cf961e3
      size: 571716
    - path: models/gptj/
      md5: 879d5d867c69cf92f590501525d0da72.dir
      size: 6177232130
      nfiles: 2
    - path: src/test.py
      md5: 05f4291b94555d8989dced3312478e58
      size: 731
